
Microsoft Visual Studio Solution File, Format Version 12.00
# Visual Studio 14
VisualStudioVersion = 14.0.25420.1
MinimumVisualStudioVersion = 10.0.40219.1
Project("{8BC9CEB8-8B4A-11D0-8D11-00A0C91BC942}") = "Init Direct3D", "Init Direct3D\Init Direct3D.vcxproj", "{D6346B41-07D0-489C-B45B-3D742F59D55B}"
EndProject
Project("{8BC9CEB8-8B4A-11D0-8D11-00A0C91BC942}") = "PhantasiaDX11", "PhantasiaDX11.vcxproj", "{70CCEBCB-38FD-4873-99AA-FE37F2C06894}"
EndProject
Project("{8BC9CEB8-8B4A-11D0-8D11-00A0C91BC942}") = "Lighting", "Lighting\Lighting.vcxproj", "{49C9928D-0AB5-4BEA-BD5E-0639513AC150}"
EndProject
Project("{8BC9CEB8-8B4A-11D0-8D11-00A0C91BC942}") = "Crate", "Crate\Crate.vcxproj", "{97C15967-CF9C-4D7D-8A8A-59A1BAD1390C}"
EndProject
Project("{8BC9CEB8-8B4A-11D0-8D11-00A0C91BC942}") = "Drawing3D", "Drawing3D\Drawing3D.vcxproj", "{D80CE699-9B29-4B98-9A65-3601A90C781D}"
EndProject
Project("{8BC9CEB8-8B4A-11D0-8D11-00A0C91BC942}") = "BlendDemo", "BlendDemo\BlendDemo.vcxproj", "{29029FD7-853B-4468-A094-E5A3698CDC1D}"
EndProject
Project("{8BC9CEB8-8B4A-11D0-8D11-00A0C91BC942}") = "Stenciling", "Stenciling\Stenciling.vcxproj", "{CA82FB85-430F-4052-875C-DB61E6033416}"
EndProject
Project("{8BC9CEB8-8B4A-11D0-8D11-00A0C91BC942}") = "TreeBillboard", "TreeBillboard\TreeBillboard.vcxproj", "{C5A78A1D-C58A-40DE-82D3-944DC06948B9}"
EndProject
Project("{8BC9CEB8-8B4A-11D0-8D11-00A0C91BC942}") = "VecAdd", "VecAdd\VecAdd.vcxproj", "{57646CEA-F575-44F1-85D9-3F13EDB57002}"
EndProject
Project("{8BC9CEB8-8B4A-11D0-8D11-00A0C91BC942}") = "Blur", "Blur\Blur.vcxproj", "{4F359629-DE6E-4816-BE94-E3720322D425}"
EndProject
Project("{8BC9CEB8-8B4A-11D0-8D11-00A0C91BC942}") = "Camera", "Camera\Camera.vcxproj", "{58E6B91F-AEF1-49AA-A770-18AB14D276B5}"
EndProject
Project("{8BC9CEB8-8B4A-11D0-8D11-00A0C91BC942}") = "InstancingAndCulling", "InstancingAndCulling\InstancingAndCulling.vcxproj", "{30FFC3AA-C17F-4522-9954-D575301BCBEA}"
EndProject
Project("{8BC9CEB8-8B4A-11D0-8D11-00A0C91BC942}") = "Picking", "Picking\Picking.vcxproj", "{A5FEB50D-DB94-4A6A-AAB2-034797E6BBE6}"
EndProject
Project("{8BC9CEB8-8B4A-11D0-8D11-00A0C91BC942}") = "CubeMap", "CubeMap\CubeMap.vcxproj", "{9FF1C85E-A0D4-44EC-8868-A91A900DF2E3}"
EndProject
Project("{8BC9CEB8-8B4A-11D0-8D11-00A0C91BC942}") = "DynamicCubeMap", "DynamicCubeMap\DynamicCubeMap.vcxproj", "{017A99E1-3F4E-4E25-9B01-C27D1D761A03}"
EndProject
Project("{8BC9CEB8-8B4A-11D0-8D11-00A0C91BC942}") = "BasicTessellation", "BasicTessellation\BasicTessellation.vcxproj", "{57A5EFE2-09A2-4DED-9C2B-6A3B8BA641A9}"
EndProject
Project("{8BC9CEB8-8B4A-11D0-8D11-00A0C91BC942}") = "NormalDisplacementMap", "NormalDisplacementMap\NormalDisplacementMap.vcxproj", "{8D3F4F86-687A-4797-AA90-8CAF12BBB1D9}"
EndProject
Project("{8BC9CEB8-8B4A-11D0-8D11-00A0C91BC942}") = "Terrain", "Terrain\Terrain.vcxproj", "{2AEF1F4E-DE9F-4386-AAE8-DFDAB684E97F}"
EndProject
Project("{8BC9CEB8-8B4A-11D0-8D11-00A0C91BC942}") = "ParticleSystem", "ParticleSystem\ParticleSystem.vcxproj", "{12FBD943-4DA8-4672-9783-2AF8E1E5773D}"
EndProject
Project("{8BC9CEB8-8B4A-11D0-8D11-00A0C91BC942}") = "Shadows", "Shadows\Shadows.vcxproj", "{D93A3E2C-5802-4274-B703-EC23EA994F0A}"
EndProject
Project("{8BC9CEB8-8B4A-11D0-8D11-00A0C91BC942}") = "Ssao", "Ssao\Ssao.vcxproj", "{029EB7A7-0902-4DCE-872A-E59B2C4112F5}"
EndProject
Project("{8BC9CEB8-8B4A-11D0-8D11-00A0C91BC942}") = "MeshView", "MeshView\MeshView.vcxproj", "{5D458B7E-FD39-476A-B01E-C64523292869}"
EndProject
Project("{8BC9CEB8-8B4A-11D0-8D11-00A0C91BC942}") = "SkinnedMesh", "SkinnedMesh\SkinnedMesh.vcxproj", "{D8E60141-D876-4D55-9ADE-11352EE65D4C}"
EndProject
Global
	GlobalSection(SolutionConfigurationPlatforms) = preSolution
		Debug|x64 = Debug|x64
		Debug|x86 = Debug|x86
		Release|x64 = Release|x64
		Release|x86 = Release|x86
	EndGlobalSection
	GlobalSection(ProjectConfigurationPlatforms) = postSolution
		{D6346B41-07D0-489C-B45B-3D742F59D55B}.Debug|x64.ActiveCfg = Debug|x64
		{D6346B41-07D0-489C-B45B-3D742F59D55B}.Debug|x64.Build.0 = Debug|x64
		{D6346B41-07D0-489C-B45B-3D742F59D55B}.Debug|x86.ActiveCfg = Debug|Win32
		{D6346B41-07D0-489C-B45B-3D742F59D55B}.Debug|x86.Build.0 = Debug|Win32
		{D6346B41-07D0-489C-B45B-3D742F59D55B}.Release|x64.ActiveCfg = Release|x64
		{D6346B41-07D0-489C-B45B-3D742F59D55B}.Release|x64.Build.0 = Release|x64
		{D6346B41-07D0-489C-B45B-3D742F59D55B}.Release|x86.ActiveCfg = Release|Win32
		{D6346B41-07D0-489C-B45B-3D742F59D55B}.Release|x86.Build.0 = Release|Win32
		{70CCEBCB-38FD-4873-99AA-FE37F2C06894}.Debug|x64.ActiveCfg = Debug|x64
		{70CCEBCB-38FD-4873-99AA-FE37F2C06894}.Debug|x64.Build.0 = Debug|x64
		{70CCEBCB-38FD-4873-99AA-FE37F2C06894}.Debug|x86.ActiveCfg = Debug|Win32
		{70CCEBCB-38FD-4873-99AA-FE37F2C06894}.Debug|x86.Build.0 = Debug|Win32
		{70CCEBCB-38FD-4873-99AA-FE37F2C06894}.Release|x64.ActiveCfg = Release|x64
		{70CCEBCB-38FD-4873-99AA-FE37F2C06894}.Release|x64.Build.0 = Release|x64
		{70CCEBCB-38FD-4873-99AA-FE37F2C06894}.Release|x86.ActiveCfg = Release|Win32
		{70CCEBCB-38FD-4873-99AA-FE37F2C06894}.Release|x86.Build.0 = Release|Win32
		{49C9928D-0AB5-4BEA-BD5E-0639513AC150}.Debug|x64.ActiveCfg = Debug|x64
		{49C9928D-0AB5-4BEA-BD5E-0639513AC150}.Debug|x64.Build.0 = Debug|x64
		{49C9928D-0AB5-4BEA-BD5E-0639513AC150}.Debug|x86.ActiveCfg = Debug|Win32
		{49C9928D-0AB5-4BEA-BD5E-0639513AC150}.Debug|x86.Build.0 = Debug|Win32
		{49C9928D-0AB5-4BEA-BD5E-0639513AC150}.Release|x64.ActiveCfg = Release|x64
		{49C9928D-0AB5-4BEA-BD5E-0639513AC150}.Release|x64.Build.0 = Release|x64
		{49C9928D-0AB5-4BEA-BD5E-0639513AC150}.Release|x86.ActiveCfg = Release|Win32
		{49C9928D-0AB5-4BEA-BD5E-0639513AC150}.Release|x86.Build.0 = Release|Win32
		{97C15967-CF9C-4D7D-8A8A-59A1BAD1390C}.Debug|x64.ActiveCfg = Debug|x64
		{97C15967-CF9C-4D7D-8A8A-59A1BAD1390C}.Debug|x64.Build.0 = Debug|x64
		{97C15967-CF9C-4D7D-8A8A-59A1BAD1390C}.Debug|x86.ActiveCfg = Debug|Win32
		{97C15967-CF9C-4D7D-8A8A-59A1BAD1390C}.Debug|x86.Build.0 = Debug|Win32
		{97C15967-CF9C-4D7D-8A8A-59A1BAD1390C}.Release|x64.ActiveCfg = Release|x64
		{97C15967-CF9C-4D7D-8A8A-59A1BAD1390C}.Release|x64.Build.0 = Release|x64
		{97C15967-CF9C-4D7D-8A8A-59A1BAD1390C}.Release|x86.ActiveCfg = Release|Win32
		{97C15967-CF9C-4D7D-8A8A-59A1BAD1390C}.Release|x86.Build.0 = Release|Win32
		{D80CE699-9B29-4B98-9A65-3601A90C781D}.Debug|x64.ActiveCfg = Debug|x64
		{D80CE699-9B29-4B98-9A65-3601A90C781D}.Debug|x64.Build.0 = Debug|x64
		{D80CE699-9B29-4B98-9A65-3601A90C781D}.Debug|x86.ActiveCfg = Debug|Win32
		{D80CE699-9B29-4B98-9A65-3601A90C781D}.Debug|x86.Build.0 = Debug|Win32
		{D80CE699-9B29-4B98-9A65-3601A90C781D}.Release|x64.ActiveCfg = Release|x64
		{D80CE699-9B29-4B98-9A65-3601A90C781D}.Release|x64.Build.0 = Release|x64
		{D80CE699-9B29-4B98-9A65-3601A90C781D}.Release|x86.ActiveCfg = Release|Win32
		{D80CE699-9B29-4B98-9A65-3601A90C781D}.Release|x86.Build.0 = Release|Win32
		{29029FD7-853B-4468-A094-E5A3698CDC1D}.Debug|x64.ActiveCfg = Debug|x64
		{29029FD7-853B-4468-A094-E5A3698CDC1D}.Debug|x64.Build.0 = Debug|x64
		{29029FD7-853B-4468-A094-E5A3698CDC1D}.Debug|x86.ActiveCfg = Debug|Win32
		{29029FD7-853B-4468-A094-E5A3698CDC1D}.Debug|x86.Build.0 = Debug|Win32
		{29029FD7-853B-4468-A094-E5A3698CDC1D}.Release|x64.ActiveCfg = Release|x64
		{29029FD7-853B-4468-A094-E5A3698CDC1D}.Release|x64.Build.0 = Release|x64
		{29029FD7-853B-4468-A094-E5A3698CDC1D}.Release|x86.ActiveCfg = Release|Win32
		{29029FD7-853B-4468-A094-E5A3698CDC1D}.Release|x86.Build.0 = Release|Win32
		{CA82FB85-430F-4052-875C-DB61E6033416}.Debug|x64.ActiveCfg = Debug|x64
		{CA82FB85-430F-4052-875C-DB61E6033416}.Debug|x64.Build.0 = Debug|x64
		{CA82FB85-430F-4052-875C-DB61E6033416}.Debug|x86.ActiveCfg = Debug|Win32
		{CA82FB85-430F-4052-875C-DB61E6033416}.Debug|x86.Build.0 = Debug|Win32
		{CA82FB85-430F-4052-875C-DB61E6033416}.Release|x64.ActiveCfg = Release|x64
		{CA82FB85-430F-4052-875C-DB61E6033416}.Release|x64.Build.0 = Release|x64
		{CA82FB85-430F-4052-875C-DB61E6033416}.Release|x86.ActiveCfg = Release|Win32
		{CA82FB85-430F-4052-875C-DB61E6033416}.Release|x86.Build.0 = Release|Win32
		{C5A78A1D-C58A-40DE-82D3-944DC06948B9}.Debug|x64.ActiveCfg = Debug|x64
		{C5A78A1D-C58A-40DE-82D3-944DC06948B9}.Debug|x64.Build.0 = Debug|x64
		{C5A78A1D-C58A-40DE-82D3-944DC06948B9}.Debug|x86.ActiveCfg = Debug|Win32
		{C5A78A1D-C58A-40DE-82D3-944DC06948B9}.Debug|x86.Build.0 = Debug|Win32
		{C5A78A1D-C58A-40DE-82D3-944DC06948B9}.Release|x64.ActiveCfg = Release|x64
		{C5A78A1D-C58A-40DE-82D3-944DC06948B9}.Release|x64.Build.0 = Release|x64
		{C5A78A1D-C58A-40DE-82D3-944DC06948B9}.Release|x86.ActiveCfg = Release|Win32
		{C5A78A1D-C58A-40DE-82D3-944DC06948B9}.Release|x86.Build.0 = Release|Win32
		{57646CEA-F575-44F1-85D9-3F13EDB57002}.Debug|x64.ActiveCfg = Debug|x64
		{57646CEA-F575-44F1-85D9-3F13EDB57002}.Debug|x64.Build.0 = Debug|x64
		{57646CEA-F575-44F1-85D9-3F13EDB57002}.Debug|x86.ActiveCfg = Debug|Win32
		{57646CEA-F575-44F1-85D9-3F13EDB57002}.Debug|x86.Build.0 = Debug|Win32
		{57646CEA-F575-44F1-85D9-3F13EDB57002}.Release|x64.ActiveCfg = Release|x64
		{57646CEA-F575-44F1-85D9-3F13EDB57002}.Release|x64.Build.0 = Release|x64
		{57646CEA-F575-44F1-85D9-3F13EDB57002}.Release|x86.ActiveCfg = Release|Win32
		{57646CEA-F575-44F1-85D9-3F13EDB57002}.Release|x86.Build.0 = Release|Win32
		{4F359629-DE6E-4816-BE94-E3720322D425}.Debug|x64.ActiveCfg = Debug|x64
		{4F359629-DE6E-4816-BE94-E3720322D425}.Debug|x64.Build.0 = Debug|x64
		{4F359629-DE6E-4816-BE94-E3720322D425}.Debug|x86.ActiveCfg = Debug|Win32
		{4F359629-DE6E-4816-BE94-E3720322D425}.Debug|x86.Build.0 = Debug|Win32
		{4F359629-DE6E-4816-BE94-E3720322D425}.Release|x64.ActiveCfg = Release|x64
		{4F359629-DE6E-4816-BE94-E3720322D425}.Release|x64.Build.0 = Release|x64
		{4F359629-DE6E-4816-BE94-E3720322D425}.Release|x86.ActiveCfg = Release|Win32
		{4F359629-DE6E-4816-BE94-E3720322D425}.Release|x86.Build.0 = Release|Win32
		{58E6B91F-AEF1-49AA-A770-18AB14D276B5}.Debug|x64.ActiveCfg = Debug|x64
		{58E6B91F-AEF1-49AA-A770-18AB14D276B5}.Debug|x64.Build.0 = Debug|x64
		{58E6B91F-AEF1-49AA-A770-18AB14D276B5}.Debug|x86.ActiveCfg = Debug|Win32
		{58E6B91F-AEF1-49AA-A770-18AB14D276B5}.Debug|x86.Build.0 = Debug|Win32
		{58E6B91F-AEF1-49AA-A770-18AB14D276B5}.Release|x64.ActiveCfg = Release|x64
		{58E6B91F-AEF1-49AA-A770-18AB14D276B5}.Release|x64.Build.0 = Release|x64
		{58E6B91F-AEF1-49AA-A770-18AB14D276B5}.Release|x86.ActiveCfg = Release|Win32
		{58E6B91F-AEF1-49AA-A770-18AB14D276B5}.Release|x86.Build.0 = Release|Win32
		{30FFC3AA-C17F-4522-9954-D575301BCBEA}.Debug|x64.ActiveCfg = Debug|x64
		{30FFC3AA-C17F-4522-9954-D575301BCBEA}.Debug|x64.Build.0 = Debug|x64
		{30FFC3AA-C17F-4522-9954-D575301BCBEA}.Debug|x86.ActiveCfg = Debug|Win32
		{30FFC3AA-C17F-4522-9954-D575301BCBEA}.Debug|x86.Build.0 = Debug|Win32
		{30FFC3AA-C17F-4522-9954-D575301BCBEA}.Release|x64.ActiveCfg = Release|x64
		{30FFC3AA-C17F-4522-9954-D575301BCBEA}.Release|x64.Build.0 = Release|x64
		{30FFC3AA-C17F-4522-9954-D575301BCBEA}.Release|x86.ActiveCfg = Release|Win32
		{30FFC3AA-C17F-4522-9954-D575301BCBEA}.Release|x86.Build.0 = Release|Win32
		{A5FEB50D-DB94-4A6A-AAB2-034797E6BBE6}.Debug|x64.ActiveCfg = Debug|x64
		{A5FEB50D-DB94-4A6A-AAB2-034797E6BBE6}.Debug|x64.Build.0 = Debug|x64
		{A5FEB50D-DB94-4A6A-AAB2-034797E6BBE6}.Debug|x86.ActiveCfg = Debug|Win32
		{A5FEB50D-DB94-4A6A-AAB2-034797E6BBE6}.Debug|x86.Build.0 = Debug|Win32
		{A5FEB50D-DB94-4A6A-AAB2-034797E6BBE6}.Release|x64.ActiveCfg = Release|x64
		{A5FEB50D-DB94-4A6A-AAB2-034797E6BBE6}.Release|x64.Build.0 = Release|x64
		{A5FEB50D-DB94-4A6A-AAB2-034797E6BBE6}.Release|x86.ActiveCfg = Release|Win32
		{A5FEB50D-DB94-4A6A-AAB2-034797E6BBE6}.Release|x86.Build.0 = Release|Win32
		{9FF1C85E-A0D4-44EC-8868-A91A900DF2E3}.Debug|x64.ActiveCfg = Debug|x64
		{9FF1C85E-A0D4-44EC-8868-A91A900DF2E3}.Debug|x64.Build.0 = Debug|x64
		{9FF1C85E-A0D4-44EC-8868-A91A900DF2E3}.Debug|x86.ActiveCfg = Debug|Win32
		{9FF1C85E-A0D4-44EC-8868-A91A900DF2E3}.Debug|x86.Build.0 = Debug|Win32
		{9FF1C85E-A0D4-44EC-8868-A91A900DF2E3}.Release|x64.ActiveCfg = Release|x64
		{9FF1C85E-A0D4-44EC-8868-A91A900DF2E3}.Release|x64.Build.0 = Release|x64
		{9FF1C85E-A0D4-44EC-8868-A91A900DF2E3}.Release|x86.ActiveCfg = Release|Win32
		{9FF1C85E-A0D4-44EC-8868-A91A900DF2E3}.Release|x86.Build.0 = Release|Win32
		{017A99E1-3F4E-4E25-9B01-C27D1D761A03}.Debug|x64.ActiveCfg = Debug|x64
		{017A99E1-3F4E-4E25-9B01-C27D1D761A03}.Debug|x64.Build.0 = Debug|x64
		{017A99E1-3F4E-4E25-9B01-C27D1D761A03}.Debug|x86.ActiveCfg = Debug|Win32
		{017A99E1-3F4E-4E25-9B01-C27D1D761A03}.Debug|x86.Build.0 = Debug|Win32
		{017A99E1-3F4E-4E25-9B01-C27D1D761A03}.Release|x64.ActiveCfg = Release|x64
		{017A99E1-3F4E-4E25-9B01-C27D1D761A03}.Release|x64.Build.0 = Release|x64
		{017A99E1-3F4E-4E25-9B01-C27D1D761A03}.Release|x86.ActiveCfg = Release|Win32
		{017A99E1-3F4E-4E25-9B01-C27D1D761A03}.Release|x86.Build.0 = Release|Win32
		{57A5EFE2-09A2-4DED-9C2B-6A3B8BA641A9}.Debug|x64.ActiveCfg = Debug|x64
		{57A5EFE2-09A2-4DED-9C2B-6A3B8BA641A9}.Debug|x64.Build.0 = Debug|x64
		{57A5EFE2-09A2-4DED-9C2B-6A3B8BA641A9}.Debug|x86.ActiveCfg = Debug|Win32
		{57A5EFE2-09A2-4DED-9C2B-6A3B8BA641A9}.Debug|x86.Build.0 = Debug|Win32
		{57A5EFE2-09A2-4DED-9C2B-6A3B8BA641A9}.Release|x64.ActiveCfg = Release|x64
		{57A5EFE2-09A2-4DED-9C2B-6A3B8BA641A9}.Release|x64.Build.0 = Release|x64
		{57A5EFE2-09A2-4DED-9C2B-6A3B8BA641A9}.Release|x86.ActiveCfg = Release|Win32
		{57A5EFE2-09A2-4DED-9C2B-6A3B8BA641A9}.Release|x86.Build.0 = Release|Win32
		{8D3F4F86-687A-4797-AA90-8CAF12BBB1D9}.Debug|x64.ActiveCfg = Debug|x64
		{8D3F4F86-687A-4797-AA90-8CAF12BBB1D9}.Debug|x64.Build.0 = Debug|x64
		{8D3F4F86-687A-4797-AA90-8CAF12BBB1D9}.Debug|x86.ActiveCfg = Debug|Win32
		{8D3F4F86-687A-4797-AA90-8CAF12BBB1D9}.Debug|x86.Build.0 = Debug|Win32
		{8D3F4F86-687A-4797-AA90-8CAF12BBB1D9}.Release|x64.ActiveCfg = Release|x64
		{8D3F4F86-687A-4797-AA90-8CAF12BBB1D9}.Release|x64.Build.0 = Release|x64
		{8D3F4F86-687A-4797-AA90-8CAF12BBB1D9}.Release|x86.ActiveCfg = Release|Win32
		{8D3F4F86-687A-4797-AA90-8CAF12BBB1D9}.Release|x86.Build.0 = Release|Win32
		{2AEF1F4E-DE9F-4386-AAE8-DFDAB684E97F}.Debug|x64.ActiveCfg = Debug|x64
		{2AEF1F4E-DE9F-4386-AAE8-DFDAB684E97F}.Debug|x64.Build.0 = Debug|x64
		{2AEF1F4E-DE9F-4386-AAE8-DFDAB684E97F}.Debug|x86.ActiveCfg = Debug|Win32
		{2AEF1F4E-DE9F-4386-AAE8-DFDAB684E97F}.Debug|x86.Build.0 = Debug|Win32
		{2AEF1F4E-DE9F-4386-AAE8-DFDAB684E97F}.Release|x64.ActiveCfg = Release|x64
		{2AEF1F4E-DE9F-4386-AAE8-DFDAB684E97F}.Release|x64.Build.0 = Release|x64
		{2AEF1F4E-DE9F-4386-AAE8-DFDAB684E97F}.Release|x86.ActiveCfg = Release|Win32
		{2AEF1F4E-DE9F-4386-AAE8-DFDAB684E97F}.Release|x86.Build.0 = Release|Win32
		{12FBD943-4DA8-4672-9783-2AF8E1E5773D}.Debug|x64.ActiveCfg = Debug|x64
		{12FBD943-4DA8-4672-9783-2AF8E1E5773D}.Debug|x64.Build.0 = Debug|x64
		{12FBD943-4DA8-4672-9783-2AF8E1E5773D}.Debug|x86.ActiveCfg = Debug|Win32
		{12FBD943-4DA8-4672-9783-2AF8E1E5773D}.Debug|x86.Build.0 = Debug|Win32
		{12FBD943-4DA8-4672-9783-2AF8E1E5773D}.Release|x64.ActiveCfg = Release|x64
		{12FBD943-4DA8-4672-9783-2AF8E1E5773D}.Release|x64.Build.0 = Release|x64
		{12FBD943-4DA8-4672-9783-2AF8E1E5773D}.Release|x86.ActiveCfg = Release|Win32
		{12FBD943-4DA8-4672-9783-2AF8E1E5773D}.Release|x86.Build.0 = Release|Win32
		{D93A3E2C-5802-4274-B703-EC23EA994F0A}.Debug|x64.ActiveCfg = Debug|x64
		{D93A3E2C-5802-4274-B703-EC23EA994F0A}.Debug|x64.Build.0 = Debug|x64
		{D93A3E2C-5802-4274-B703-EC23EA994F0A}.Debug|x86.ActiveCfg = Debug|Win32
		{D93A3E2C-5802-4274-B703-EC23EA994F0A}.Debug|x86.Build.0 = Debug|Win32
		{D93A3E2C-5802-4274-B703-EC23EA994F0A}.Release|x64.ActiveCfg = Release|x64
		{D93A3E2C-5802-4274-B703-EC23EA994F0A}.Release|x64.Build.0 = Release|x64
		{D93A3E2C-5802-4274-B703-EC23EA994F0A}.Release|x86.ActiveCfg = Release|Win32
		{D93A3E2C-5802-4274-B703-EC23EA994F0A}.Release|x86.Build.0 = Release|Win32
		{029EB7A7-0902-4DCE-872A-E59B2C4112F5}.Debug|x64.ActiveCfg = Debug|Win32
		{029EB7A7-0902-4DCE-872A-E59B2C4112F5}.Debug|x86.ActiveCfg = Debug|Win32
		{029EB7A7-0902-4DCE-872A-E59B2C4112F5}.Debug|x86.Build.0 = Debug|Win32
		{029EB7A7-0902-4DCE-872A-E59B2C4112F5}.Release|x64.ActiveCfg = Release|Win32
		{029EB7A7-0902-4DCE-872A-E59B2C4112F5}.Release|x86.ActiveCfg = Release|Win32
		{029EB7A7-0902-4DCE-872A-E59B2C4112F5}.Release|x86.Build.0 = Release|Win32
		{5D458B7E-FD39-476A-B01E-C64523292869}.Debug|x64.ActiveCfg = Debug|x64
		{5D458B7E-FD39-476A-B01E-C64523292869}.Debug|x64.Build.0 = Debug|x64
		{5D458B7E-FD39-476A-B01E-C64523292869}.Debug|x86.ActiveCfg = Debug|Win32
		{5D458B7E-FD39-476A-B01E-C64523292869}.Debug|x86.Build.0 = Debug|Win32
		{5D458B7E-FD39-476A-B01E-C64523292869}.Release|x64.ActiveCfg = Release|x64
		{5D458B7E-FD39-476A-B01E-C64523292869}.Release|x64.Build.0 = Release|x64
		{5D458B7E-FD39-476A-B01E-C64523292869}.Release|x86.ActiveCfg = Release|Win32
		{5D458B7E-FD39-476A-B01E-C64523292869}.Release|x86.Build.0 = Release|Win32
		{D8E60141-D876-4D55-9ADE-11352EE65D4C}.Debug|x64.ActiveCfg = Debug|x64
		{D8E60141-D876-4D55-9ADE-11352EE65D4C}.Debug|x64.Build.0 = Debug|x64
		{D8E60141-D876-4D55-9ADE-11352EE65D4C}.Debug|x86.ActiveCfg = Debug|Win32
		{D8E60141-D876-4D55-9ADE-11352EE65D4C}.Debug|x86.Build.0 = Debug|Win32
		{D8E60141-D876-4D55-9ADE-11352EE65D4C}.Release|x64.ActiveCfg = Release|x64
		{D8E60141-D876-4D55-9ADE-11352EE65D4C}.Release|x64.Build.0 = Release|x64
		{D8E60141-D876-4D55-9ADE-11352EE65D4C}.Release|x86.ActiveCfg = Release|Win32
		{D8E60141-D876-4D55-9ADE-11352EE65D4C}.Release|x86.Build.0 = Release|Win32
	EndGlobalSection
	GlobalSection(SolutionProperties) = preSolution
		HideSolutionNode = FALSE
	EndGlobalSection
EndGlobal
